
Microsoft Visual Studio Solution File, Format Version 12.00
# Visual Studio Version 16
VisualStudioVersion = 16.0.29411.108
MinimumVisualStudioVersion = 10.0.40219.1
Project("{FAE04EC0-301F-11D3-BF4B-00C04F79EFBC}") = "TorontoDaycares", "TorontoDaycares\TorontoDaycares.csproj", "{2977184A-07B9-405C-8BA8-53403DB67E14}"
EndProject
Global
	GlobalSection(SolutionConfigurationPlatforms) = preSolution
		Debug|Any CPU = Debug|Any CPU
		Release|Any CPU = Release|Any CPU
	EndGlobalSection
	GlobalSection(ProjectConfigurationPlatforms) = postSolution
		{2977184A-07B9-405C-8BA8-53403DB67E14}.Debug|Any CPU.ActiveCfg = Debug|Any CPU
		{2977184A-07B9-405C-8BA8-53403DB67E14}.Debug|Any CPU.Build.0 = Debug|Any CPU
		{2977184A-07B9-405C-8BA8-53403DB67E14}.Release|Any CPU.ActiveCfg = Release|Any CPU
		{2977184A-07B9-405C-8BA8-53403DB67E14}.Release|Any CPU.Build.0 = Release|Any CPU
	EndGlobalSection
	GlobalSection(SolutionProperties) = preSolution
		HideSolutionNode = FALSE
	EndGlobalSection
	GlobalSection(ExtensibilityGlobals) = postSolution
		SolutionGuid = {DB7E986D-424B-4110-BF9F-C6B261B3F4BD}
	EndGlobalSection
EndGlobal
