
Microsoft Visual Studio Solution File, Format Version 12.00
# Visual Studio Version 16
VisualStudioVersion = 16.0.29411.108
MinimumVisualStudioVersion = 10.0.40219.1
Project("{9A19103F-16F7-4668-BE54-9A1E7A4F7556}") = "TorontoDaycares", "TorontoDaycares\TorontoDaycares.csproj", "{2977184A-07B9-405C-8BA8-53403DB67E14}"
EndProject
Project("{2150E333-8FDC-42A3-9474-1A3956D46DE8}") = "Solution Items", "Solution Items", "{5344AB63-EFF1-4740-A69B-137E7EAD83CB}"
	ProjectSection(SolutionItems) = preProject
		.gitignore = .gitignore
		LICENSE = LICENSE
		README.md = README.md
	EndProjectSection
EndProject
Global
	GlobalSection(SolutionConfigurationPlatforms) = preSolution
		Debug|Any CPU = Debug|Any CPU
		Release|Any CPU = Release|Any CPU
	EndGlobalSection
	GlobalSection(ProjectConfigurationPlatforms) = postSolution
		{2977184A-07B9-405C-8BA8-53403DB67E14}.Debug|Any CPU.ActiveCfg = Debug|Any CPU
		{2977184A-07B9-405C-8BA8-53403DB67E14}.Debug|Any CPU.Build.0 = Debug|Any CPU
		{2977184A-07B9-405C-8BA8-53403DB67E14}.Release|Any CPU.ActiveCfg = Release|Any CPU
		{2977184A-07B9-405C-8BA8-53403DB67E14}.Release|Any CPU.Build.0 = Release|Any CPU
	EndGlobalSection
	GlobalSection(SolutionProperties) = preSolution
		HideSolutionNode = FALSE
	EndGlobalSection
	GlobalSection(ExtensibilityGlobals) = postSolution
		SolutionGuid = {DB7E986D-424B-4110-BF9F-C6B261B3F4BD}
	EndGlobalSection
EndGlobal
